{
  "version": 2,
  "dependencies": {
    "net8.0-windows10.0.19041": {
      "Microsoft.WindowsAppSDK": {
        "type": "Direct",
        "requested": "[1.5.240627000, )",
        "resolved": "1.5.240627000",
        "contentHash": "qzzWG8rxZyzKzBuUdwr4ApezMINf+NT2b8EiEE5fchczNJJmDwlHImMWxX1pHK1W8Yby99alqLyC8DB0fIrhuA==",
        "dependencies": {
          "Microsoft.Windows.SDK.BuildTools": "10.0.22621.756"
        }
      },
      "Microsoft.Data.Sqlite.Core": {
        "type": "Transitive",
        "resolved": "8.0.8",
        "contentHash": "qHInO2EvOcPhjgboP0TGnXM7rASdvWXrw6jAH8Yuz5YP82VTje7d/NKiX1i+dVbE3+G3JuW1kqNVB8yLvsqgYA==",
        "dependencies": {
          "SQLitePCLRaw.core": "2.1.6"
        }
      },
      "Microsoft.Windows.SDK.BuildTools": {
        "type": "Transitive",
        "resolved": "10.0.22621.756",
        "contentHash": "7ZL2sFSioYm1Ry067Kw1hg0SCcW5kuVezC2SwjGbcPE61Nn+gTbH86T73G3LcEOVj0S3IZzNuE/29gZvOLS7VA=="
      },
      "SQLitePCLRaw.bundle_e_sqlite3": {
        "type": "Transitive",
        "resolved": "2.1.6",
        "contentHash": "BmAf6XWt4TqtowmiWe4/5rRot6GerAeklmOPfviOvwLoF5WwgxcJHAxZtySuyW9r9w+HLILnm8VfJFLCUJYW8A==",
        "dependencies": {
          "SQLitePCLRaw.lib.e_sqlite3": "2.1.6",
          "SQLitePCLRaw.provider.e_sqlite3": "2.1.6"
        }
      },
      "SQLitePCLRaw.core": {
        "type": "Transitive",
        "resolved": "2.1.6",
        "contentHash": "wO6v9GeMx9CUngAet8hbO7xdm+M42p1XeJq47ogyRoYSvNSp0NGLI+MgC0bhrMk9C17MTVFlLiN6ylyExLCc5w==",
        "dependencies": {
          "System.Memory": "4.5.3"
        }
      },
      "SQLitePCLRaw.lib.e_sqlite3": {
        "type": "Transitive",
        "resolved": "2.1.6",
        "contentHash": "2ObJJLkIUIxRpOUlZNGuD4rICpBnrBR5anjyfUFQep4hMOIeqW+XGQYzrNmHSVz5xSWZ3klSbh7sFR6UyDj68Q=="
      },
      "SQLitePCLRaw.provider.e_sqlite3": {
        "type": "Transitive",
        "resolved": "2.1.6",
        "contentHash": "PQ2Oq3yepLY4P7ll145P3xtx2bX8xF4PzaKPRpw9jZlKvfe4LE/saAV82inND9usn1XRpmxXk7Lal3MTI+6CNg==",
        "dependencies": {
          "SQLitePCLRaw.core": "2.1.6"
        }
      },
      "System.Memory": {
        "type": "Transitive",
        "resolved": "4.5.3",
        "contentHash": "3oDzvc/zzetpTKWMShs1AADwZjQ/36HnsufHRPcOjyRAAMLDlu2iD33MBI2opxnezcVUtXyqDXXjoFMOU9c7SA=="
      },
      "pcactivitytracker.browserintegration": {
        "type": "Project",
        "dependencies": {
          "PcActivityTracker.Core": "[1.0.0, )"
        }
      },
      "pcactivitytracker.core": {
        "type": "Project"
      },
      "pcactivitytracker.data": {
        "type": "Project",
        "dependencies": {
          "Microsoft.Data.Sqlite": "[8.0.8, )",
          "PcActivityTracker.Core": "[1.0.0, )"
        }
      },
      "pcactivitytracker.reporting": {
        "type": "Project",
        "dependencies": {
          "PcActivityTracker.Core": "[1.0.0, )"
        }
      },
      "pcactivitytracker.windows": {
        "type": "Project",
        "dependencies": {
          "PcActivityTracker.Core": "[1.0.0, )"
        }
      },
      "Microsoft.Data.Sqlite": {
        "type": "CentralTransitive",
        "requested": "[8.0.8, )",
        "resolved": "8.0.8",
        "contentHash": "Ao+kD9lZpZvvvfLHMR4/UviFGXaWhQ9AVT4fYMl62XWgIPuVIhZqLysmDNiXbsz6Pb87iyyElX2xSfigzKNZNg==",
        "dependencies": {
          "Microsoft.Data.Sqlite.Core": "8.0.8",
          "SQLitePCLRaw.bundle_e_sqlite3": "2.1.6"
        }
      }
    },
    "net8.0-windows10.0.19041/win10-x64": {
      "Microsoft.WindowsAppSDK": {
        "type": "Direct",
        "requested": "[1.5.240627000, )",
        "resolved": "1.5.240627000",
        "contentHash": "qzzWG8rxZyzKzBuUdwr4ApezMINf+NT2b8EiEE5fchczNJJmDwlHImMWxX1pHK1W8Yby99alqLyC8DB0fIrhuA==",
        "dependencies": {
          "Microsoft.Windows.SDK.BuildTools": "10.0.22621.756"
        }
      },
      "SQLitePCLRaw.lib.e_sqlite3": {
        "type": "Transitive",
        "resolved": "2.1.6",
        "contentHash": "2ObJJLkIUIxRpOUlZNGuD4rICpBnrBR5anjyfUFQep4hMOIeqW+XGQYzrNmHSVz5xSWZ3klSbh7sFR6UyDj68Q=="
      }
    }
  }
}